
Microsoft Visual Studio Solution File, Format Version 12.00
# Visual Studio Version 16
VisualStudioVersion = 16.0.30804.86
MinimumVisualStudioVersion = 10.0.40219.1
Project("{FAE04EC0-301F-11D3-BF4B-00C04F79EFBC}") = "Excels", "ClassLibrary1\Excels.csproj", "{3FC33E23-93BE-467F-9420-499FF68CFD15}"
EndProject
Project("{FAE04EC0-301F-11D3-BF4B-00C04F79EFBC}") = "University", "University\University.csproj", "{5C1D39DE-7024-4A5C-B46A-44A65C40C897}"
EndProject
Project("{FAE04EC0-301F-11D3-BF4B-00C04F79EFBC}") = "TaskExceptions", "TaskExceptions\TaskExceptions.csproj", "{98666C08-9A64-4C0F-B679-D9999A5ACCED}"
EndProject
Project("{FAE04EC0-301F-11D3-BF4B-00C04F79EFBC}") = "Databases", "Databases\Databases.csproj", "{1129C1A3-E80A-4D12-AD0E-5CCA6A76E61C}"
EndProject
Project("{FAE04EC0-301F-11D3-BF4B-00C04F79EFBC}") = "CRUD", "CRUD\CRUD.csproj", "{D767ABE8-F497-42F0-9913-A318982AF78C}"
EndProject
Project("{FAE04EC0-301F-11D3-BF4B-00C04F79EFBC}") = "TaskTests", "TaskTests\TaskTests.csproj", "{3DD6A061-DDBE-42C7-B0A3-C48E1F876BCE}"
EndProject
Project("{FAE04EC0-301F-11D3-BF4B-00C04F79EFBC}") = "ConsoleApp1", "ConsoleApp1\ConsoleApp1.csproj", "{5C28C58A-3B39-480E-BE88-B822924BCD09}"
EndProject
Global
	GlobalSection(SolutionConfigurationPlatforms) = preSolution
		Debug|Any CPU = Debug|Any CPU
		Release|Any CPU = Release|Any CPU
	EndGlobalSection
	GlobalSection(ProjectConfigurationPlatforms) = postSolution
		{3FC33E23-93BE-467F-9420-499FF68CFD15}.Debug|Any CPU.ActiveCfg = Debug|Any CPU
		{3FC33E23-93BE-467F-9420-499FF68CFD15}.Debug|Any CPU.Build.0 = Debug|Any CPU
		{3FC33E23-93BE-467F-9420-499FF68CFD15}.Release|Any CPU.ActiveCfg = Release|Any CPU
		{3FC33E23-93BE-467F-9420-499FF68CFD15}.Release|Any CPU.Build.0 = Release|Any CPU
		{5C1D39DE-7024-4A5C-B46A-44A65C40C897}.Debug|Any CPU.ActiveCfg = Debug|Any CPU
		{5C1D39DE-7024-4A5C-B46A-44A65C40C897}.Debug|Any CPU.Build.0 = Debug|Any CPU
		{5C1D39DE-7024-4A5C-B46A-44A65C40C897}.Release|Any CPU.ActiveCfg = Release|Any CPU
		{5C1D39DE-7024-4A5C-B46A-44A65C40C897}.Release|Any CPU.Build.0 = Release|Any CPU
		{98666C08-9A64-4C0F-B679-D9999A5ACCED}.Debug|Any CPU.ActiveCfg = Debug|Any CPU
		{98666C08-9A64-4C0F-B679-D9999A5ACCED}.Debug|Any CPU.Build.0 = Debug|Any CPU
		{98666C08-9A64-4C0F-B679-D9999A5ACCED}.Release|Any CPU.ActiveCfg = Release|Any CPU
		{98666C08-9A64-4C0F-B679-D9999A5ACCED}.Release|Any CPU.Build.0 = Release|Any CPU
		{1129C1A3-E80A-4D12-AD0E-5CCA6A76E61C}.Debug|Any CPU.ActiveCfg = Debug|Any CPU
		{1129C1A3-E80A-4D12-AD0E-5CCA6A76E61C}.Debug|Any CPU.Build.0 = Debug|Any CPU
		{1129C1A3-E80A-4D12-AD0E-5CCA6A76E61C}.Release|Any CPU.ActiveCfg = Release|Any CPU
		{1129C1A3-E80A-4D12-AD0E-5CCA6A76E61C}.Release|Any CPU.Build.0 = Release|Any CPU
		{D767ABE8-F497-42F0-9913-A318982AF78C}.Debug|Any CPU.ActiveCfg = Debug|Any CPU
		{D767ABE8-F497-42F0-9913-A318982AF78C}.Debug|Any CPU.Build.0 = Debug|Any CPU
		{D767ABE8-F497-42F0-9913-A318982AF78C}.Release|Any CPU.ActiveCfg = Release|Any CPU
		{D767ABE8-F497-42F0-9913-A318982AF78C}.Release|Any CPU.Build.0 = Release|Any CPU
		{3DD6A061-DDBE-42C7-B0A3-C48E1F876BCE}.Debug|Any CPU.ActiveCfg = Debug|Any CPU
		{3DD6A061-DDBE-42C7-B0A3-C48E1F876BCE}.Debug|Any CPU.Build.0 = Debug|Any CPU
		{3DD6A061-DDBE-42C7-B0A3-C48E1F876BCE}.Release|Any CPU.ActiveCfg = Release|Any CPU
		{3DD6A061-DDBE-42C7-B0A3-C48E1F876BCE}.Release|Any CPU.Build.0 = Release|Any CPU
		{5C28C58A-3B39-480E-BE88-B822924BCD09}.Debug|Any CPU.ActiveCfg = Debug|Any CPU
		{5C28C58A-3B39-480E-BE88-B822924BCD09}.Debug|Any CPU.Build.0 = Debug|Any CPU
		{5C28C58A-3B39-480E-BE88-B822924BCD09}.Release|Any CPU.ActiveCfg = Release|Any CPU
		{5C28C58A-3B39-480E-BE88-B822924BCD09}.Release|Any CPU.Build.0 = Release|Any CPU
	EndGlobalSection
	GlobalSection(SolutionProperties) = preSolution
		HideSolutionNode = FALSE
	EndGlobalSection
	GlobalSection(ExtensibilityGlobals) = postSolution
		SolutionGuid = {299BC3AA-2C7F-445D-93C1-1E383B9512F7}
	EndGlobalSection
EndGlobal
